// !$*UTF8*$!
{
	archiveVersion = 1;
	classes = {
	};
	objectVersion = 56;
	objects = {

/* Begin PBXBuildFile section */
		361859862C669AC7002685E0 /* PostCardCollectionViewCell.swift in Sources */ = {isa = PBXBuildFile; fileRef = 361859852C669AC7002685E0 /* PostCardCollectionViewCell.swift */; };
		361859892C669B42002685E0 /* PostCardCollectionViewCellScreen.swift in Sources */ = {isa = PBXBuildFile; fileRef = 361859882C669B42002685E0 /* PostCardCollectionViewCellScreen.swift */; };
		3618598D2C66D4F9002685E0 /* Posts.swift in Sources */ = {isa = PBXBuildFile; fileRef = 3618598C2C66D4F9002685E0 /* Posts.swift */; };
		36B823562C63FAB000DD01B1 /* AppDelegate.swift in Sources */ = {isa = PBXBuildFile; fileRef = 36B823552C63FAB000DD01B1 /* AppDelegate.swift */; };
		36B823582C63FAB000DD01B1 /* SceneDelegate.swift in Sources */ = {isa = PBXBuildFile; fileRef = 36B823572C63FAB000DD01B1 /* SceneDelegate.swift */; };
		36B8235A2C63FAB000DD01B1 /* HomeVC.swift in Sources */ = {isa = PBXBuildFile; fileRef = 36B823592C63FAB000DD01B1 /* HomeVC.swift */; };
		36B8235F2C63FAB500DD01B1 /* Assets.xcassets in Resources */ = {isa = PBXBuildFile; fileRef = 36B8235E2C63FAB500DD01B1 /* Assets.xcassets */; };
		36B823622C63FAB500DD01B1 /* LaunchScreen.storyboard in Resources */ = {isa = PBXBuildFile; fileRef = 36B823602C63FAB500DD01B1 /* LaunchScreen.storyboard */; };
		36B8236B2C63FE3A00DD01B1 /* HomeScreen.swift in Sources */ = {isa = PBXBuildFile; fileRef = 36B8236A2C63FE3A00DD01B1 /* HomeScreen.swift */; };
		36B8236E2C64066000DD01B1 /* UIView + Extension.swift in Sources */ = {isa = PBXBuildFile; fileRef = 36B8236D2C64066000DD01B1 /* UIView + Extension.swift */; };
		36B823702C640C2100DD01B1 /* UIColor + Extension.swift in Sources */ = {isa = PBXBuildFile; fileRef = 36B8236F2C640C2100DD01B1 /* UIColor + Extension.swift */; };
		36B823952C642E2100DD01B1 /* HomeViewModel.swift in Sources */ = {isa = PBXBuildFile; fileRef = 36B823942C642E2100DD01B1 /* HomeViewModel.swift */; };
		36B823992C646D3700DD01B1 /* StoryCardCollectionViewCell.swift in Sources */ = {isa = PBXBuildFile; fileRef = 36B823982C646D3700DD01B1 /* StoryCardCollectionViewCell.swift */; };
		36B8239C2C646DEB00DD01B1 /* StoryCardCollectionViewCellScreen.swift in Sources */ = {isa = PBXBuildFile; fileRef = 36B8239B2C646DEB00DD01B1 /* StoryCardCollectionViewCellScreen.swift */; };
		36B8239F2C6475FD00DD01B1 /* StoryCardViewModel.swift in Sources */ = {isa = PBXBuildFile; fileRef = 36B8239E2C6475FD00DD01B1 /* StoryCardViewModel.swift */; };
		36B823A22C6477AE00DD01B1 /* Story.swift in Sources */ = {isa = PBXBuildFile; fileRef = 36B823A12C6477AE00DD01B1 /* Story.swift */; };
		36B823A72C6597C900DD01B1 /* StoryCollectionViewCell.swift in Sources */ = {isa = PBXBuildFile; fileRef = 36B823A62C6597C900DD01B1 /* StoryCollectionViewCell.swift */; };
		36B823AA2C659AC800DD01B1 /* StoryCollectionViewCellScreen.swift in Sources */ = {isa = PBXBuildFile; fileRef = 36B823A92C659AC800DD01B1 /* StoryCollectionViewCellScreen.swift */; };
/* End PBXBuildFile section */

/* Begin PBXFileReference section */
		361859852C669AC7002685E0 /* PostCardCollectionViewCell.swift */ = {isa = PBXFileReference; lastKnownFileType = sourcecode.swift; path = PostCardCollectionViewCell.swift; sourceTree = "<group>"; };
		361859882C669B42002685E0 /* PostCardCollectionViewCellScreen.swift */ = {isa = PBXFileReference; lastKnownFileType = sourcecode.swift; path = PostCardCollectionViewCellScreen.swift; sourceTree = "<group>"; };
		3618598C2C66D4F9002685E0 /* Posts.swift */ = {isa = PBXFileReference; lastKnownFileType = sourcecode.swift; path = Posts.swift; sourceTree = "<group>"; };
		36B823522C63FAB000DD01B1 /* MVVMFirstProject.app */ = {isa = PBXFileReference; explicitFileType = wrapper.application; includeInIndex = 0; path = MVVMFirstProject.app; sourceTree = BUILT_PRODUCTS_DIR; };
		36B823552C63FAB000DD01B1 /* AppDelegate.swift */ = {isa = PBXFileReference; lastKnownFileType = sourcecode.swift; path = AppDelegate.swift; sourceTree = "<group>"; };
		36B823572C63FAB000DD01B1 /* SceneDelegate.swift */ = {isa = PBXFileReference; lastKnownFileType = sourcecode.swift; path = SceneDelegate.swift; sourceTree = "<group>"; };
		36B823592C63FAB000DD01B1 /* HomeVC.swift */ = {isa = PBXFileReference; lastKnownFileType = sourcecode.swift; path = HomeVC.swift; sourceTree = "<group>"; };
		36B8235E2C63FAB500DD01B1 /* Assets.xcassets */ = {isa = PBXFileReference; lastKnownFileType = folder.assetcatalog; path = Assets.xcassets; sourceTree = "<group>"; };
		36B823612C63FAB500DD01B1 /* Base */ = {isa = PBXFileReference; lastKnownFileType = file.storyboard; name = Base; path = Base.lproj/LaunchScreen.storyboard; sourceTree = "<group>"; };
		36B823632C63FAB500DD01B1 /* Info.plist */ = {isa = PBXFileReference; lastKnownFileType = text.plist.xml; path = Info.plist; sourceTree = "<group>"; };
		36B8236A2C63FE3A00DD01B1 /* HomeScreen.swift */ = {isa = PBXFileReference; lastKnownFileType = sourcecode.swift; path = HomeScreen.swift; sourceTree = "<group>"; };
		36B8236D2C64066000DD01B1 /* UIView + Extension.swift */ = {isa = PBXFileReference; lastKnownFileType = sourcecode.swift; path = "UIView + Extension.swift"; sourceTree = "<group>"; };
		36B8236F2C640C2100DD01B1 /* UIColor + Extension.swift */ = {isa = PBXFileReference; lastKnownFileType = sourcecode.swift; path = "UIColor + Extension.swift"; sourceTree = "<group>"; };
		36B823942C642E2100DD01B1 /* HomeViewModel.swift */ = {isa = PBXFileReference; lastKnownFileType = sourcecode.swift; path = HomeViewModel.swift; sourceTree = "<group>"; };
		36B823982C646D3700DD01B1 /* StoryCardCollectionViewCell.swift */ = {isa = PBXFileReference; lastKnownFileType = sourcecode.swift; path = StoryCardCollectionViewCell.swift; sourceTree = "<group>"; };
		36B8239B2C646DEB00DD01B1 /* StoryCardCollectionViewCellScreen.swift */ = {isa = PBXFileReference; lastKnownFileType = sourcecode.swift; path = StoryCardCollectionViewCellScreen.swift; sourceTree = "<group>"; };
		36B8239E2C6475FD00DD01B1 /* StoryCardViewModel.swift */ = {isa = PBXFileReference; lastKnownFileType = sourcecode.swift; path = StoryCardViewModel.swift; sourceTree = "<group>"; };
		36B823A12C6477AE00DD01B1 /* Story.swift */ = {isa = PBXFileReference; lastKnownFileType = sourcecode.swift; path = Story.swift; sourceTree = "<group>"; };
		36B823A62C6597C900DD01B1 /* StoryCollectionViewCell.swift */ = {isa = PBXFileReference; lastKnownFileType = sourcecode.swift; path = StoryCollectionViewCell.swift; sourceTree = "<group>"; };
		36B823A92C659AC800DD01B1 /* StoryCollectionViewCellScreen.swift */ = {isa = PBXFileReference; lastKnownFileType = sourcecode.swift; path = StoryCollectionViewCellScreen.swift; sourceTree = "<group>"; };
/* End PBXFileReference section */

/* Begin PBXFrameworksBuildPhase section */
		36B8234F2C63FAB000DD01B1 /* Frameworks */ = {
			isa = PBXFrameworksBuildPhase;
			buildActionMask = 2147483647;
			files = (
			);
			runOnlyForDeploymentPostprocessing = 0;
		};
/* End PBXFrameworksBuildPhase section */

/* Begin PBXGroup section */
		361859822C669A57002685E0 /* Story */ = {
			isa = PBXGroup;
			children = (
				36B823972C646D0200DD01B1 /* StoryCardCollectionViewCell */,
				36B823A52C65977400DD01B1 /* StoryCollectionViewCell */,
			);
			path = Story;
			sourceTree = "<group>";
		};
		361859832C669A7B002685E0 /* Post */ = {
			isa = PBXGroup;
			children = (
				361859842C669A83002685E0 /* PostCardCollectionViewCell */,
			);
			path = Post;
			sourceTree = "<group>";
		};
		361859842C669A83002685E0 /* PostCardCollectionViewCell */ = {
			isa = PBXGroup;
			children = (
				361859872C669B0F002685E0 /* Screen */,
				361859852C669AC7002685E0 /* PostCardCollectionViewCell.swift */,
			);
			path = PostCardCollectionViewCell;
			sourceTree = "<group>";
		};
		361859872C669B0F002685E0 /* Screen */ = {
			isa = PBXGroup;
			children = (
				361859882C669B42002685E0 /* PostCardCollectionViewCellScreen.swift */,
			);
			path = Screen;
			sourceTree = "<group>";
		};
		36B823492C63FAB000DD01B1 = {
			isa = PBXGroup;
			children = (
				36B823542C63FAB000DD01B1 /* MVVMFirstProject */,
				36B823532C63FAB000DD01B1 /* Products */,
			);
			sourceTree = "<group>";
		};
		36B823532C63FAB000DD01B1 /* Products */ = {
			isa = PBXGroup;
			children = (
				36B823522C63FAB000DD01B1 /* MVVMFirstProject.app */,
			);
			name = Products;
			sourceTree = "<group>";
		};
		36B823542C63FAB000DD01B1 /* MVVMFirstProject */ = {
			isa = PBXGroup;
			children = (
				36B823A02C64779E00DD01B1 /* Model */,
				36B8236C2C64064000DD01B1 /* Extension */,
				36B823692C63FE0800DD01B1 /* HomeVC */,
				36B823552C63FAB000DD01B1 /* AppDelegate.swift */,
				36B823572C63FAB000DD01B1 /* SceneDelegate.swift */,
				36B8235E2C63FAB500DD01B1 /* Assets.xcassets */,
				36B823602C63FAB500DD01B1 /* LaunchScreen.storyboard */,
				36B823632C63FAB500DD01B1 /* Info.plist */,
			);
			path = MVVMFirstProject;
			sourceTree = "<group>";
		};
		36B823692C63FE0800DD01B1 /* HomeVC */ = {
			isa = PBXGroup;
			children = (
				36B823A42C64782E00DD01B1 /* Screen */,
				36B823A32C64781F00DD01B1 /* ViewModel */,
				36B823962C646CF500DD01B1 /* Cell */,
				36B823592C63FAB000DD01B1 /* HomeVC.swift */,
			);
			path = HomeVC;
			sourceTree = "<group>";
		};
		36B8236C2C64064000DD01B1 /* Extension */ = {
			isa = PBXGroup;
			children = (
				36B8236D2C64066000DD01B1 /* UIView + Extension.swift */,
				36B8236F2C640C2100DD01B1 /* UIColor + Extension.swift */,
			);
			path = Extension;
			sourceTree = "<group>";
		};
		36B823962C646CF500DD01B1 /* Cell */ = {
			isa = PBXGroup;
			children = (
				361859832C669A7B002685E0 /* Post */,
				361859822C669A57002685E0 /* Story */,
			);
			path = Cell;
			sourceTree = "<group>";
		};
		36B823972C646D0200DD01B1 /* StoryCardCollectionViewCell */ = {
			isa = PBXGroup;
			children = (
				36B8239D2C6475D700DD01B1 /* ViewModel */,
				36B8239A2C646DC000DD01B1 /* Screen */,
				36B823982C646D3700DD01B1 /* StoryCardCollectionViewCell.swift */,
			);
			path = StoryCardCollectionViewCell;
			sourceTree = "<group>";
		};
		36B8239A2C646DC000DD01B1 /* Screen */ = {
			isa = PBXGroup;
			children = (
				36B8239B2C646DEB00DD01B1 /* StoryCardCollectionViewCellScreen.swift */,
			);
			path = Screen;
			sourceTree = "<group>";
		};
		36B8239D2C6475D700DD01B1 /* ViewModel */ = {
			isa = PBXGroup;
			children = (
				36B8239E2C6475FD00DD01B1 /* StoryCardViewModel.swift */,
			);
			path = ViewModel;
			sourceTree = "<group>";
		};
		36B823A02C64779E00DD01B1 /* Model */ = {
			isa = PBXGroup;
			children = (
				36B823A12C6477AE00DD01B1 /* Story.swift */,
				3618598C2C66D4F9002685E0 /* Posts.swift */,
			);
			path = Model;
			sourceTree = "<group>";
		};
		36B823A32C64781F00DD01B1 /* ViewModel */ = {
			isa = PBXGroup;
			children = (
				36B823942C642E2100DD01B1 /* HomeViewModel.swift */,
			);
			path = ViewModel;
			sourceTree = "<group>";
		};
		36B823A42C64782E00DD01B1 /* Screen */ = {
			isa = PBXGroup;
			children = (
				36B8236A2C63FE3A00DD01B1 /* HomeScreen.swift */,
			);
			path = Screen;
			sourceTree = "<group>";
		};
		36B823A52C65977400DD01B1 /* StoryCollectionViewCell */ = {
			isa = PBXGroup;
			children = (
				36B823A82C659AA100DD01B1 /* Screen */,
				36B823A62C6597C900DD01B1 /* StoryCollectionViewCell.swift */,
			);
			path = StoryCollectionViewCell;
			sourceTree = "<group>";
		};
		36B823A82C659AA100DD01B1 /* Screen */ = {
			isa = PBXGroup;
			children = (
				36B823A92C659AC800DD01B1 /* StoryCollectionViewCellScreen.swift */,
			);
			path = Screen;
			sourceTree = "<group>";
		};
/* End PBXGroup section */

/* Begin PBXNativeTarget section */
		36B823512C63FAB000DD01B1 /* MVVMFirstProject */ = {
			isa = PBXNativeTarget;
			buildConfigurationList = 36B823662C63FAB500DD01B1 /* Build configuration list for PBXNativeTarget "MVVMFirstProject" */;
			buildPhases = (
				36B8234E2C63FAB000DD01B1 /* Sources */,
				36B8234F2C63FAB000DD01B1 /* Frameworks */,
				36B823502C63FAB000DD01B1 /* Resources */,
			);
			buildRules = (
			);
			dependencies = (
			);
			name = MVVMFirstProject;
			productName = MVVMFirstProject;
			productReference = 36B823522C63FAB000DD01B1 /* MVVMFirstProject.app */;
			productType = "com.apple.product-type.application";
		};
/* End PBXNativeTarget section */

/* Begin PBXProject section */
		36B8234A2C63FAB000DD01B1 /* Project object */ = {
			isa = PBXProject;
			attributes = {
				BuildIndependentTargetsInParallel = 1;
				LastSwiftUpdateCheck = 1520;
				LastUpgradeCheck = 1520;
				TargetAttributes = {
					36B823512C63FAB000DD01B1 = {
						CreatedOnToolsVersion = 15.2;
					};
				};
			};
			buildConfigurationList = 36B8234D2C63FAB000DD01B1 /* Build configuration list for PBXProject "MVVMFirstProject" */;
			compatibilityVersion = "Xcode 14.0";
			developmentRegion = en;
			hasScannedForEncodings = 0;
			knownRegions = (
				en,
				Base,
			);
			mainGroup = 36B823492C63FAB000DD01B1;
			productRefGroup = 36B823532C63FAB000DD01B1 /* Products */;
			projectDirPath = "";
			projectRoot = "";
			targets = (
				36B823512C63FAB000DD01B1 /* MVVMFirstProject */,
			);
		};
/* End PBXProject section */

/* Begin PBXResourcesBuildPhase section */
		36B823502C63FAB000DD01B1 /* Resources */ = {
			isa = PBXResourcesBuildPhase;
			buildActionMask = 2147483647;
			files = (
				36B823622C63FAB500DD01B1 /* LaunchScreen.storyboard in Resources */,
				36B8235F2C63FAB500DD01B1 /* Assets.xcassets in Resources */,
			);
			runOnlyForDeploymentPostprocessing = 0;
		};
/* End PBXResourcesBuildPhase section */

/* Begin PBXSourcesBuildPhase section */
		36B8234E2C63FAB000DD01B1 /* Sources */ = {
			isa = PBXSourcesBuildPhase;
			buildActionMask = 2147483647;
			files = (
				36B8236B2C63FE3A00DD01B1 /* HomeScreen.swift in Sources */,
				36B823AA2C659AC800DD01B1 /* StoryCollectionViewCellScreen.swift in Sources */,
				361859862C669AC7002685E0 /* PostCardCollectionViewCell.swift in Sources */,
				36B8235A2C63FAB000DD01B1 /* HomeVC.swift in Sources */,
				36B823992C646D3700DD01B1 /* StoryCardCollectionViewCell.swift in Sources */,
				36B823952C642E2100DD01B1 /* HomeViewModel.swift in Sources */,
				36B823A72C6597C900DD01B1 /* StoryCollectionViewCell.swift in Sources */,
				36B8239F2C6475FD00DD01B1 /* StoryCardViewModel.swift in Sources */,
				361859892C669B42002685E0 /* PostCardCollectionViewCellScreen.swift in Sources */,
				36B823562C63FAB000DD01B1 /* AppDelegate.swift in Sources */,
				36B823702C640C2100DD01B1 /* UIColor + Extension.swift in Sources */,
				36B8236E2C64066000DD01B1 /* UIView + Extension.swift in Sources */,
				36B823582C63FAB000DD01B1 /* SceneDelegate.swift in Sources */,
				36B8239C2C646DEB00DD01B1 /* StoryCardCollectionViewCellScreen.swift in Sources */,
				36B823A22C6477AE00DD01B1 /* Story.swift in Sources */,
				3618598D2C66D4F9002685E0 /* Posts.swift in Sources */,
			);
			runOnlyForDeploymentPostprocessing = 0;
		};
/* End PBXSourcesBuildPhase section */

/* Begin PBXVariantGroup section */
		36B823602C63FAB500DD01B1 /* LaunchScreen.storyboard */ = {
			isa = PBXVariantGroup;
			children = (
				36B823612C63FAB500DD01B1 /* Base */,
			);
			name = LaunchScreen.storyboard;
			sourceTree = "<group>";
		};
/* End PBXVariantGroup section */

/* Begin XCBuildConfiguration section */
		36B823642C63FAB500DD01B1 /* Debug */ = {
			isa = XCBuildConfiguration;
			buildSettings = {
				ALWAYS_SEARCH_USER_PATHS = NO;
				ASSETCATALOG_COMPILER_GENERATE_SWIFT_ASSET_SYMBOL_EXTENSIONS = YES;
				CLANG_ANALYZER_NONNULL = YES;
				CLANG_ANALYZER_NUMBER_OBJECT_CONVERSION = YES_AGGRESSIVE;
				CLANG_CXX_LANGUAGE_STANDARD = "gnu++20";
				CLANG_ENABLE_MODULES = YES;
				CLANG_ENABLE_OBJC_ARC = YES;
				CLANG_ENABLE_OBJC_WEAK = YES;
				CLANG_WARN_BLOCK_CAPTURE_AUTORELEASING = YES;
				CLANG_WARN_BOOL_CONVERSION = YES;
				CLANG_WARN_COMMA = YES;
				CLANG_WARN_CONSTANT_CONVERSION = YES;
				CLANG_WARN_DEPRECATED_OBJC_IMPLEMENTATIONS = YES;
				CLANG_WARN_DIRECT_OBJC_ISA_USAGE = YES_ERROR;
				CLANG_WARN_DOCUMENTATION_COMMENTS = YES;
				CLANG_WARN_EMPTY_BODY = YES;
				CLANG_WARN_ENUM_CONVERSION = YES;
				CLANG_WARN_INFINITE_RECURSION = YES;
				CLANG_WARN_INT_CONVERSION = YES;
				CLANG_WARN_NON_LITERAL_NULL_CONVERSION = YES;
				CLANG_WARN_OBJC_IMPLICIT_RETAIN_SELF = YES;
				CLANG_WARN_OBJC_LITERAL_CONVERSION = YES;
				CLANG_WARN_OBJC_ROOT_CLASS = YES_ERROR;
				CLANG_WARN_QUOTED_INCLUDE_IN_FRAMEWORK_HEADER = YES;
				CLANG_WARN_RANGE_LOOP_ANALYSIS = YES;
				CLANG_WARN_STRICT_PROTOTYPES = YES;
				CLANG_WARN_SUSPICIOUS_MOVE = YES;
				CLANG_WARN_UNGUARDED_AVAILABILITY = YES_AGGRESSIVE;
				CLANG_WARN_UNREACHABLE_CODE = YES;
				CLANG_WARN__DUPLICATE_METHOD_MATCH = YES;
				COPY_PHASE_STRIP = NO;
				DEBUG_INFORMATION_FORMAT = dwarf;
				ENABLE_STRICT_OBJC_MSGSEND = YES;
				ENABLE_TESTABILITY = YES;
				ENABLE_USER_SCRIPT_SANDBOXING = YES;
				GCC_C_LANGUAGE_STANDARD = gnu17;
				GCC_DYNAMIC_NO_PIC = NO;
				GCC_NO_COMMON_BLOCKS = YES;
				GCC_OPTIMIZATION_LEVEL = 0;
				GCC_PREPROCESSOR_DEFINITIONS = (
					"DEBUG=1",
					"$(inherited)",
				);
				GCC_WARN_64_TO_32_BIT_CONVERSION = YES;
				GCC_WARN_ABOUT_RETURN_TYPE = YES_ERROR;
				GCC_WARN_UNDECLARED_SELECTOR = YES;
				GCC_WARN_UNINITIALIZED_AUTOS = YES_AGGRESSIVE;
				GCC_WARN_UNUSED_FUNCTION = YES;
				GCC_WARN_UNUSED_VARIABLE = YES;
				IPHONEOS_DEPLOYMENT_TARGET = 17.2;
				LOCALIZATION_PREFERS_STRING_CATALOGS = YES;
				MTL_ENABLE_DEBUG_INFO = INCLUDE_SOURCE;
				MTL_FAST_MATH = YES;
				ONLY_ACTIVE_ARCH = YES;
				SDKROOT = iphoneos;
				SWIFT_ACTIVE_COMPILATION_CONDITIONS = "DEBUG $(inherited)";
				SWIFT_OPTIMIZATION_LEVEL = "-Onone";
			};
			name = Debug;
		};
		36B823652C63FAB500DD01B1 /* Release */ = {
			isa = XCBuildConfiguration;
			buildSettings = {
				ALWAYS_SEARCH_USER_PATHS = NO;
				ASSETCATALOG_COMPILER_GENERATE_SWIFT_ASSET_SYMBOL_EXTENSIONS = YES;
				CLANG_ANALYZER_NONNULL = YES;
				CLANG_ANALYZER_NUMBER_OBJECT_CONVERSION = YES_AGGRESSIVE;
				CLANG_CXX_LANGUAGE_STANDARD = "gnu++20";
				CLANG_ENABLE_MODULES = YES;
				CLANG_ENABLE_OBJC_ARC = YES;
				CLANG_ENABLE_OBJC_WEAK = YES;
				CLANG_WARN_BLOCK_CAPTURE_AUTORELEASING = YES;
				CLANG_WARN_BOOL_CONVERSION = YES;
				CLANG_WARN_COMMA = YES;
				CLANG_WARN_CONSTANT_CONVERSION = YES;
				CLANG_WARN_DEPRECATED_OBJC_IMPLEMENTATIONS = YES;
				CLANG_WARN_DIRECT_OBJC_ISA_USAGE = YES_ERROR;
				CLANG_WARN_DOCUMENTATION_COMMENTS = YES;
				CLANG_WARN_EMPTY_BODY = YES;
				CLANG_WARN_ENUM_CONVERSION = YES;
				CLANG_WARN_INFINITE_RECURSION = YES;
				CLANG_WARN_INT_CONVERSION = YES;
				CLANG_WARN_NON_LITERAL_NULL_CONVERSION = YES;
				CLANG_WARN_OBJC_IMPLICIT_RETAIN_SELF = YES;
				CLANG_WARN_OBJC_LITERAL_CONVERSION = YES;
				CLANG_WARN_OBJC_ROOT_CLASS = YES_ERROR;
				CLANG_WARN_QUOTED_INCLUDE_IN_FRAMEWORK_HEADER = YES;
				CLANG_WARN_RANGE_LOOP_ANALYSIS = YES;
				CLANG_WARN_STRICT_PROTOTYPES = YES;
				CLANG_WARN_SUSPICIOUS_MOVE = YES;
				CLANG_WARN_UNGUARDED_AVAILABILITY = YES_AGGRESSIVE;
				CLANG_WARN_UNREACHABLE_CODE = YES;
				CLANG_WARN__DUPLICATE_METHOD_MATCH = YES;
				COPY_PHASE_STRIP = NO;
				DEBUG_INFORMATION_FORMAT = "dwarf-with-dsym";
				ENABLE_NS_ASSERTIONS = NO;
				ENABLE_STRICT_OBJC_MSGSEND = YES;
				ENABLE_USER_SCRIPT_SANDBOXING = YES;
				GCC_C_LANGUAGE_STANDARD = gnu17;
				GCC_NO_COMMON_BLOCKS = YES;
				GCC_WARN_64_TO_32_BIT_CONVERSION = YES;
				GCC_WARN_ABOUT_RETURN_TYPE = YES_ERROR;
				GCC_WARN_UNDECLARED_SELECTOR = YES;
				GCC_WARN_UNINITIALIZED_AUTOS = YES_AGGRESSIVE;
				GCC_WARN_UNUSED_FUNCTION = YES;
				GCC_WARN_UNUSED_VARIABLE = YES;
				IPHONEOS_DEPLOYMENT_TARGET = 17.2;
				LOCALIZATION_PREFERS_STRING_CATALOGS = YES;
				MTL_ENABLE_DEBUG_INFO = NO;
				MTL_FAST_MATH = YES;
				SDKROOT = iphoneos;
				SWIFT_COMPILATION_MODE = wholemodule;
				VALIDATE_PRODUCT = YES;
			};
			name = Release;
		};
		36B823672C63FAB500DD01B1 /* Debug */ = {
			isa = XCBuildConfiguration;
			buildSettings = {
				ASSETCATALOG_COMPILER_APPICON_NAME = AppIcon;
				ASSETCATALOG_COMPILER_GLOBAL_ACCENT_COLOR_NAME = AccentColor;
				CODE_SIGN_STYLE = Automatic;
				CURRENT_PROJECT_VERSION = 1;
				DEVELOPMENT_TEAM = 9VXHB7ZS42;
				GENERATE_INFOPLIST_FILE = YES;
				INFOPLIST_FILE = MVVMFirstProject/Info.plist;
				INFOPLIST_KEY_UIApplicationSupportsIndirectInputEvents = YES;
				INFOPLIST_KEY_UILaunchStoryboardName = LaunchScreen;
				INFOPLIST_KEY_UISupportedInterfaceOrientations_iPad = "UIInterfaceOrientationPortrait UIInterfaceOrientationPortraitUpsideDown UIInterfaceOrientationLandscapeLeft UIInterfaceOrientationLandscapeRight";
				INFOPLIST_KEY_UISupportedInterfaceOrientations_iPhone = "UIInterfaceOrientationPortrait UIInterfaceOrientationLandscapeLeft UIInterfaceOrientationLandscapeRight";
				LD_RUNPATH_SEARCH_PATHS = (
					"$(inherited)",
					"@executable_path/Frameworks",
				);
				MARKETING_VERSION = 1.0;
				PRODUCT_BUNDLE_IDENTIFIER = botega.pedro.MVVMFirstProject;
				PRODUCT_NAME = "$(TARGET_NAME)";
				SUPPORTED_PLATFORMS = "iphoneos iphonesimulator";
				SUPPORTS_MACCATALYST = NO;
				SUPPORTS_MAC_DESIGNED_FOR_IPHONE_IPAD = NO;
				SUPPORTS_XR_DESIGNED_FOR_IPHONE_IPAD = NO;
				SWIFT_EMIT_LOC_STRINGS = YES;
				SWIFT_VERSION = 5.0;
				TARGETED_DEVICE_FAMILY = 1;
			};
			name = Debug;
		};
		36B823682C63FAB500DD01B1 /* Release */ = {
			isa = XCBuildConfiguration;
			buildSettings = {
				ASSETCATALOG_COMPILER_APPICON_NAME = AppIcon;
				ASSETCATALOG_COMPILER_GLOBAL_ACCENT_COLOR_NAME = AccentColor;
				CODE_SIGN_STYLE = Automatic;
				CURRENT_PROJECT_VERSION = 1;
				DEVELOPMENT_TEAM = 9VXHB7ZS42;
				GENERATE_INFOPLIST_FILE = YES;
				INFOPLIST_FILE = MVVMFirstProject/Info.plist;
				INFOPLIST_KEY_UIApplicationSupportsIndirectInputEvents = YES;
				INFOPLIST_KEY_UILaunchStoryboardName = LaunchScreen;
				INFOPLIST_KEY_UISupportedInterfaceOrientations_iPad = "UIInterfaceOrientationPortrait UIInterfaceOrientationPortraitUpsideDown UIInterfaceOrientationLandscapeLeft UIInterfaceOrientationLandscapeRight";
				INFOPLIST_KEY_UISupportedInterfaceOrientations_iPhone = "UIInterfaceOrientationPortrait UIInterfaceOrientationLandscapeLeft UIInterfaceOrientationLandscapeRight";
				LD_RUNPATH_SEARCH_PATHS = (
					"$(inherited)",
					"@executable_path/Frameworks",
				);
				MARKETING_VERSION = 1.0;
				PRODUCT_BUNDLE_IDENTIFIER = botega.pedro.MVVMFirstProject;
				PRODUCT_NAME = "$(TARGET_NAME)";
				SUPPORTED_PLATFORMS = "iphoneos iphonesimulator";
				SUPPORTS_MACCATALYST = NO;
				SUPPORTS_MAC_DESIGNED_FOR_IPHONE_IPAD = NO;
				SUPPORTS_XR_DESIGNED_FOR_IPHONE_IPAD = NO;
				SWIFT_EMIT_LOC_STRINGS = YES;
				SWIFT_VERSION = 5.0;
				TARGETED_DEVICE_FAMILY = 1;
			};
			name = Release;
		};
/* End XCBuildConfiguration section */

/* Begin XCConfigurationList section */
		36B8234D2C63FAB000DD01B1 /* Build configuration list for PBXProject "MVVMFirstProject" */ = {
			isa = XCConfigurationList;
			buildConfigurations = (
				36B823642C63FAB500DD01B1 /* Debug */,
				36B823652C63FAB500DD01B1 /* Release */,
			);
			defaultConfigurationIsVisible = 0;
			defaultConfigurationName = Release;
		};
		36B823662C63FAB500DD01B1 /* Build configuration list for PBXNativeTarget "MVVMFirstProject" */ = {
			isa = XCConfigurationList;
			buildConfigurations = (
				36B823672C63FAB500DD01B1 /* Debug */,
				36B823682C63FAB500DD01B1 /* Release */,
			);
			defaultConfigurationIsVisible = 0;
			defaultConfigurationName = Release;
		};
/* End XCConfigurationList section */
	};
	rootObject = 36B8234A2C63FAB000DD01B1 /* Project object */;
}
